
Microsoft Visual Studio Solution File, Format Version 12.00
# Visual Studio Version 17
VisualStudioVersion = 17.1.32210.238
MinimumVisualStudioVersion = 10.0.40219.1
Project("{2150E333-8FDC-42A3-9474-1A3956D46DE8}") = "tests", "tests", "{CAAB2FB2-CC4A-4F73-BC5B-019F19816AA9}"
EndProject
Project("{9A19103F-16F7-4668-BE54-9A1E7A4F7556}") = "Data", "Model\Data.csproj", "{03C5D40B-4C3F-453F-A854-2A042DB1924B}"
EndProject
Project("{9A19103F-16F7-4668-BE54-9A1E7A4F7556}") = "LogicLayer", "LogicLayer\LogicLayer.csproj", "{FF65FA7D-27A4-4193-A02E-09B5AD168BEF}"
EndProject
Project("{9A19103F-16F7-4668-BE54-9A1E7A4F7556}") = "DataTest", "DataTest\DataTest.csproj", "{E4F0DB0E-C230-4B22-BC88-CB527AC23B2F}"
EndProject
Project("{2150E333-8FDC-42A3-9474-1A3956D46DE8}") = "src", "src", "{A51095BB-A468-49EA-B754-04C4FE796690}"
EndProject
Project("{9A19103F-16F7-4668-BE54-9A1E7A4F7556}") = "LogicLayerTest", "LogicLayerTest\LogicLayerTest.csproj", "{28C29CC2-E0FF-40F4-9882-9F538D0765A5}"
EndProject
Project("{2150E333-8FDC-42A3-9474-1A3956D46DE8}") = "gui", "gui", "{C61128C3-7D77-407B-A5A1-4E1A70532B50}"
EndProject
Project("{FAE04EC0-301F-11D3-BF4B-00C04F79EFBC}") = "WpfApp1", "WpfApp1\WpfApp1.csproj", "{28CD9CF6-9D45-4B5A-8823-28E5EC9B1FA3}"
EndProject
Global
	GlobalSection(SolutionConfigurationPlatforms) = preSolution
		Debug|Any CPU = Debug|Any CPU
		Release|Any CPU = Release|Any CPU
	EndGlobalSection
	GlobalSection(ProjectConfigurationPlatforms) = postSolution
		{03C5D40B-4C3F-453F-A854-2A042DB1924B}.Debug|Any CPU.ActiveCfg = Debug|Any CPU
		{03C5D40B-4C3F-453F-A854-2A042DB1924B}.Debug|Any CPU.Build.0 = Debug|Any CPU
		{03C5D40B-4C3F-453F-A854-2A042DB1924B}.Release|Any CPU.ActiveCfg = Release|Any CPU
		{03C5D40B-4C3F-453F-A854-2A042DB1924B}.Release|Any CPU.Build.0 = Release|Any CPU
		{FF65FA7D-27A4-4193-A02E-09B5AD168BEF}.Debug|Any CPU.ActiveCfg = Debug|Any CPU
		{FF65FA7D-27A4-4193-A02E-09B5AD168BEF}.Debug|Any CPU.Build.0 = Debug|Any CPU
		{FF65FA7D-27A4-4193-A02E-09B5AD168BEF}.Release|Any CPU.ActiveCfg = Release|Any CPU
		{FF65FA7D-27A4-4193-A02E-09B5AD168BEF}.Release|Any CPU.Build.0 = Release|Any CPU
		{E4F0DB0E-C230-4B22-BC88-CB527AC23B2F}.Debug|Any CPU.ActiveCfg = Debug|Any CPU
		{E4F0DB0E-C230-4B22-BC88-CB527AC23B2F}.Debug|Any CPU.Build.0 = Debug|Any CPU
		{E4F0DB0E-C230-4B22-BC88-CB527AC23B2F}.Release|Any CPU.ActiveCfg = Release|Any CPU
		{E4F0DB0E-C230-4B22-BC88-CB527AC23B2F}.Release|Any CPU.Build.0 = Release|Any CPU
		{28C29CC2-E0FF-40F4-9882-9F538D0765A5}.Debug|Any CPU.ActiveCfg = Debug|Any CPU
		{28C29CC2-E0FF-40F4-9882-9F538D0765A5}.Debug|Any CPU.Build.0 = Debug|Any CPU
		{28C29CC2-E0FF-40F4-9882-9F538D0765A5}.Release|Any CPU.ActiveCfg = Release|Any CPU
		{28C29CC2-E0FF-40F4-9882-9F538D0765A5}.Release|Any CPU.Build.0 = Release|Any CPU
		{28CD9CF6-9D45-4B5A-8823-28E5EC9B1FA3}.Debug|Any CPU.ActiveCfg = Debug|Any CPU
		{28CD9CF6-9D45-4B5A-8823-28E5EC9B1FA3}.Debug|Any CPU.Build.0 = Debug|Any CPU
		{28CD9CF6-9D45-4B5A-8823-28E5EC9B1FA3}.Release|Any CPU.ActiveCfg = Release|Any CPU
		{28CD9CF6-9D45-4B5A-8823-28E5EC9B1FA3}.Release|Any CPU.Build.0 = Release|Any CPU
	EndGlobalSection
	GlobalSection(SolutionProperties) = preSolution
		HideSolutionNode = FALSE
	EndGlobalSection
	GlobalSection(NestedProjects) = preSolution
		{03C5D40B-4C3F-453F-A854-2A042DB1924B} = {A51095BB-A468-49EA-B754-04C4FE796690}
		{FF65FA7D-27A4-4193-A02E-09B5AD168BEF} = {A51095BB-A468-49EA-B754-04C4FE796690}
		{E4F0DB0E-C230-4B22-BC88-CB527AC23B2F} = {CAAB2FB2-CC4A-4F73-BC5B-019F19816AA9}
		{28C29CC2-E0FF-40F4-9882-9F538D0765A5} = {CAAB2FB2-CC4A-4F73-BC5B-019F19816AA9}
		{28CD9CF6-9D45-4B5A-8823-28E5EC9B1FA3} = {C61128C3-7D77-407B-A5A1-4E1A70532B50}
	EndGlobalSection
	GlobalSection(ExtensibilityGlobals) = postSolution
		SolutionGuid = {72AA26D5-FB01-4035-B365-2BD855C9DA38}
	EndGlobalSection
EndGlobal
